<?xml version="1.0" encoding="utf-8"?>
<Project ToolsVersion="4.0" xmlns="http://schemas.microsoft.com/developer/msbuild/2003">
  <ItemGroup>
    <Filter Include="Source Files">
      <UniqueIdentifier>{4FC737F1-C7A5-4376-A066-2A32D752A2FF}</UniqueIdentifier>
      <Extensions>cpp;c;cc;cxx;c++;cppm;ixx;def;odl;idl;hpj;bat;asm;asmx</Extensions>
    </Filter>
    <Filter Include="Header Files">
      <UniqueIdentifier>{93995380-89BD-4b04-88EB-625FBE52EBFB}</UniqueIdentifier>
      <Extensions>h;hh;hpp;hxx;h++;hm;inl;inc;ipp;xsd</Extensions>
    </Filter>
    <Filter Include="Resource Files">
      <UniqueIdentifier>{67DA6AB6-F800-4c08-8B7A-83BB121AAD01}</UniqueIdentifier>
      <Extensions>rc;ico;cur;bmp;dlg;rc2;rct;bin;rgs;gif;jpg;jpeg;jpe;resx;tiff;tif;png;wav;mfcribbon-ms</Extensions>
    </Filter>
  </ItemGroup>
  <ItemGroup>
    <ClCompile Include="Source\Components\ConsoleComponent.ixx">
      <Filter>Source Files</Filter>
    </ClCompile>
    <ClCompile Include="Source\Core\Component.ixx">
      <Filter>Source Files</Filter>
    </ClCompile>
    <ClCompile Include="Source\Core\EditorEngine.ixx">
      <Filter>Source Files</Filter>
    </ClCompile>
    <ClCompile Include="Source\Core\Engine.ixx">
      <Filter>Source Files</Filter>
    </ClCompile>
    <ClCompile Include="Source\Core\GameEngine.ixx">
      <Filter>Source Files</Filter>
    </ClCompile>
    <ClCompile Include="Source\Core\GameObject.ixx">
      <Filter>Source Files</Filter>
    </ClCompile>
    <ClCompile Include="Source\Core\ITickable.ixx">
      <Filter>Source Files</Filter>
    </ClCompile>
    <ClCompile Include="Source\Core\Level.ixx">
      <Filter>Source Files</Filter>
    </ClCompile>
    <ClCompile Include="Source\Core\Misc.ixx">
      <Filter>Source Files</Filter>
    </ClCompile>
    <ClCompile Include="Source\Core\Input.ixx">
      <Filter>Source Files</Filter>
    </ClCompile>
    <ClCompile Include="Source\Core\Time.ixx">
      <Filter>Source Files</Filter>
    </ClCompile>
    <ClCompile Include="Source\Core\Uuid.ixx">
      <Filter>Source Files</Filter>
    </ClCompile>
    <ClCompile Include="Source\Core\Variant.ixx">
      <Filter>Source Files</Filter>
    </ClCompile>
    <ClCompile Include="Source\Core\Window.ixx">
      <Filter>Source Files</Filter>
    </ClCompile>
    <ClCompile Include="Source\Core\WindowManager.ixx">
      <Filter>Source Files</Filter>
    </ClCompile>
    <ClCompile Include="Source\Core\WindowSettings.ixx">
      <Filter>Source Files</Filter>
    </ClCompile>
    <ClCompile Include="Source\Core\World.ixx">
      <Filter>Source Files</Filter>
    </ClCompile>
    <ClCompile Include="Source\main.ixx">
      <Filter>Source Files</Filter>
    </ClCompile>
    <ClCompile Include="Source\Core\EventSystem.ixx">
      <Filter>Source Files</Filter>
    </ClCompile>
    <ClCompile Include="Source\Core\Render\Align.ixx">
      <Filter>Source Files</Filter>
    </ClCompile>
    <ClCompile Include="Source\Core\Render\BufferView.ixx">
      <Filter>Source Files</Filter>
    </ClCompile>
    <ClCompile Include="Source\Core\Render\DescriptorHeap.ixx">
      <Filter>Source Files</Filter>
    </ClCompile>
    <ClCompile Include="Source\Core\Render\DirectXUtils.ixx">
      <Filter>Source Files</Filter>
    </ClCompile>
    <ClCompile Include="Source\Core\Render\FrameContext.ixx">
      <Filter>Source Files</Filter>
    </ClCompile>
    <ClCompile Include="Source\Core\Render\Interfaces\IRenderDevice.ixx">
      <Filter>Source Files</Filter>
    </ClCompile>
    <ClCompile Include="Source\Core\Render\RenderContext.ixx">
      <Filter>Source Files</Filter>
    </ClCompile>
    <ClCompile Include="Source\Core\Render\RenderData.ixx">
      <Filter>Source Files</Filter>
    </ClCompile>
    <ClCompile Include="Source\Core\Render\RenderDevice.ixx">
      <Filter>Source Files</Filter>
    </ClCompile>
    <ClCompile Include="Source\Core\Render\RenderSystem.ixx">
      <Filter>Source Files</Filter>
    </ClCompile>
    <ClCompile Include="Source\Core\Render\RenderSystemSettings.ixx">
      <Filter>Source Files</Filter>
    </ClCompile>
    <ClCompile Include="Source\Core\Render\SwapChain.ixx">
      <Filter>Source Files</Filter>
    </ClCompile>
    <ClCompile Include="Source\Core\Render\UploadBuffer.ixx">
      <Filter>Source Files</Filter>
    </ClCompile>
    <ClCompile Include="Source\Core\Render\VariableSizeAllocationsManager.ixx">
      <Filter>Source Files</Filter>
    </ClCompile>
    <ClCompile Include="Source\Core\Render\ViewTypes.ixx">
      <Filter>Source Files</Filter>
    </ClCompile>
    <ClCompile Include="Source\Core\Assets\AssetHandle.ixx">
      <Filter>Source Files</Filter>
    </ClCompile>
    <ClCompile Include="Source\Core\Assets\AssetType.ixx">
      <Filter>Source Files</Filter>
    </ClCompile>
    <ClCompile Include="Source\Core\Assets\AssetBase.ixx">
      <Filter>Source Files</Filter>
    </ClCompile>
    <ClCompile Include="Source\Core\Assets\AssetMeta.ixx">
      <Filter>Source Files</Filter>
    </ClCompile>
    <ClCompile Include="Source\Core\Assets\AssetLoader.ixx">
      <Filter>Source Files</Filter>
    </ClCompile>
    <ClCompile Include="Source\Core\Assets\BaseAssetDatabase.ixx">
      <Filter>Source Files</Filter>
    </ClCompile>
    <ClCompile Include="Source\Core\Assets\ResourceManager.ixx">
      <Filter>Source Files</Filter>
    </ClCompile>
    <ClCompile Include="Source\Core\Assets\RuntimeAssetDatabase.ixx">
      <Filter>Source Files</Filter>
    </ClCompile>
    <ClCompile Include="Source\Core\Assets\EditorAssetDatabase.ixx">
      <Filter>Source Files</Filter>
    </ClCompile>
    <ClCompile Include="Source\Core\Assets\ProjectWatcher.ixx">
      <Filter>Source Files</Filter>
    </ClCompile>
    <ClCompile Include="Source\Components\TransformComponent.ixx">
      <Filter>Source Files</Filter>
    </ClCompile>
    <ClCompile Include="Source\Core\Render\Align.ixx">
      <Filter>Source Files</Filter>
    </ClCompile>
    <ClCompile Include="Source\Core\Render\BufferView.ixx">
      <Filter>Source Files</Filter>
    </ClCompile>
    <ClCompile Include="Source\Core\Render\DescriptorHeap.ixx">
      <Filter>Source Files</Filter>
    </ClCompile>
    <ClCompile Include="Source\Core\Render\DirectXUtils.ixx">
      <Filter>Source Files</Filter>
    </ClCompile>
    <ClCompile Include="Source\Core\Render\FrameContext.ixx">
      <Filter>Source Files</Filter>
    </ClCompile>
    <ClCompile Include="Source\Core\Render\Interfaces\IRenderDevice.ixx">
      <Filter>Source Files</Filter>
    </ClCompile>
    <ClCompile Include="Source\Core\Render\RenderContext.ixx">
      <Filter>Source Files</Filter>
    </ClCompile>
    <ClCompile Include="Source\Core\Render\RenderData.ixx">
      <Filter>Source Files</Filter>
    </ClCompile>
    <ClCompile Include="Source\Core\Render\RenderDevice.ixx">
      <Filter>Source Files</Filter>
    </ClCompile>
    <ClCompile Include="Source\Core\Render\RenderSystem.ixx">
      <Filter>Source Files</Filter>
    </ClCompile>
    <ClCompile Include="Source\Core\Render\RenderSystemSettings.ixx">
      <Filter>Source Files</Filter>
    </ClCompile>
    <ClCompile Include="Source\Core\Render\SwapChain.ixx">
      <Filter>Source Files</Filter>
    </ClCompile>
    <ClCompile Include="Source\Core\Render\UploadBuffer.ixx">
      <Filter>Source Files</Filter>
    </ClCompile>
    <ClCompile Include="Source\Core\Render\VariableSizeAllocationsManager.ixx">
      <Filter>Source Files</Filter>
    </ClCompile>
    <ClCompile Include="Source\Core\Render\ViewTypes.ixx">
      <Filter>Source Files</Filter>
    </ClCompile>
    <ClCompile Include="Source\Components\StaticMeshComponent.ixx">
      <Filter>Source Files</Filter>
    </ClCompile>
    <ClCompile Include="Source\Core\AssetLoaders\MaterialLoader.ixx">
      <Filter>Source Files</Filter>
    </ClCompile>
    <ClCompile Include="Source\Core\Project.ixx">
      <Filter>Source Files</Filter>
    </ClCompile>
    <ClCompile Include="Source\Core\Render\EditorRenderSystem.ixx">
      <Filter>Source Files</Filter>
    </ClCompile>
    <ClCompile Include="Source\Core\Render\GPULocalResource.ixx">
      <Filter>Source Files</Filter>
    </ClCompile>
    <ClCompile Include="Source\Core\Render\Interfaces\IRenderable.ixx">
      <Filter>Source Files</Filter>
    </ClCompile>
    <ClCompile Include="Source\Core\Render\Interfaces\IRenderContext.ixx">
      <Filter>Source Files</Filter>
    </ClCompile>
    <ClCompile Include="Source\Core\Render\Interfaces\RenderTypes.ixx">
      <Filter>Source Files</Filter>
    </ClCompile>
    <ClCompile Include="Source\Core\Render\Material.ixx">
      <Filter>Source Files</Filter>
    </ClCompile>
    <ClCompile Include="Source\Core\Render\Mesh.ixx">
      <Filter>Source Files</Filter>
    </ClCompile>
    <ClCompile Include="Source\Core\Render\PerObjectData.ixx">
      <Filter>Source Files</Filter>
    </ClCompile>
    <ClCompile Include="Source\Core\Render\RenderGraph.ixx">
      <Filter>Source Files</Filter>
    </ClCompile>
    <ClCompile Include="Source\Core\Render\RenderPass\EditorSwapChainPass.ixx">
      <Filter>Source Files</Filter>
    </ClCompile>
    <ClCompile Include="Source\Core\Render\RenderPass\GBufferPass.ixx">
      <Filter>Source Files</Filter>
    </ClCompile>
    <ClCompile Include="Source\Core\Render\RenderPass\GLightPass.ixx">
      <Filter>Source Files</Filter>
    </ClCompile>
    <ClCompile Include="Source\Core\Render\RenderPass\RenderPass.ixx">
      <Filter>Source Files</Filter>
    </ClCompile>
    <ClCompile Include="Source\Core\Render\RenderPass\ShadowPass.ixx">
      <Filter>Source Files</Filter>
    </ClCompile>
    <ClCompile Include="Source\Core\Render\SceneVisibility.ixx">
      <Filter>Source Files</Filter>
    </ClCompile>
    <ClCompile Include="Source\Core\Render\SkeletalMesh.ixx">
      <Filter>Source Files</Filter>
    </ClCompile>
    <ClCompile Include="Source\Core\Render\VertexTypes.ixx">
      <Filter>Source Files</Filter>
    </ClCompile>
    <ClCompile Include="Source\Core\Render\Viewport.ixx">
      <Filter>Source Files</Filter>
    </ClCompile>
    <ClCompile Include="Source\Core\AssetLoaders\DDSAssetLoader.ixx">
      <Filter>Source Files</Filter>
    </ClCompile>
    <ClCompile Include="Source\Core\TextureAsset.ixx">
      <Filter>Source Files</Filter>
    </ClCompile>
    <ClCompile Include="Source\Core\AssetLoaders\ImageAssetLoader.ixx">
      <Filter>Source Files</Filter>
    </ClCompile>
    <ClCompile Include="Source\Components\LightComponent.ixx">
      <Filter>Source Files</Filter>
    </ClCompile>
    <ClCompile Include="Source\Core\DXMathUtils.ixx">
      <Filter>Source Files</Filter>
    </ClCompile>
    <ClCompile Include="Source\Core\Render\PSO.ixx">
      <Filter>Source Files</Filter>
    </ClCompile>
    <ClCompile Include="Source\Core\Render\ShaderManager.ixx">
      <Filter>Source Files</Filter>
    </ClCompile>
    <ClCompile Include="Source\Core\unique_any.ixx">
      <Filter>Source Files</Filter>
    </ClCompile>
    <ClCompile Include="Source\Core\AssetLoaders\MeshAssetLoader.ixx">
      <Filter>Source Files</Filter>
    </ClCompile>
    <ClCompile Include="Source\Core\MeshAsset.ixx">
      <Filter>Source Files</Filter>
    </ClCompile>
    <ClCompile Include="Source\Components\CameraComponent.ixx">
      <Filter>Source Files</Filter>
    </ClCompile>
    <ClCompile Include="Source\Components\SpectatorMovementComponent.ixx">
      <Filter>Source Files</Filter>
    </ClCompile>
    <ClCompile Include="Source\Core\IComponent.ixx">
      <Filter>Source Files</Filter>
    </ClCompile>
    <ClCompile Include="Source\Core\IWorldQuery.ixx">
      <Filter>Source Files</Filter>
    </ClCompile>
    <ClCompile Include="Source\Core\IGameObject.ixx">
      <Filter>Source Files</Filter>
    </ClCompile>
    <ClCompile Include="Source\Core\ILevelRootGameObjects.ixx">
      <Filter>Source Files</Filter>
    </ClCompile>
    <ClCompile Include="Source\Core\Logger.ixx">
      <Filter>Source Files</Filter>
    </ClCompile>
    <ClCompile Include="Source\Core\Render\ImGuiWindows\EditorContext.ixx">
      <Filter>Source Files</Filter>
    </ClCompile>
    <ClCompile Include="Source\Core\Render\ImGuiWindows\EditorViewport.ixx">
      <Filter>Source Files</Filter>
    </ClCompile>
    <ClCompile Include="Source\Core\Render\ImGuiWindows\IImGuiWindow.ixx">
      <Filter>Source Files</Filter>
    </ClCompile>
    <ClCompile Include="Source\Core\Render\ImGuiWindows\ImGuiContentBrowser.ixx">
      <Filter>Source Files</Filter>
    </ClCompile>
    <ClCompile Include="Source\Core\Render\ImGuiWindows\ImGuiInspector.ixx">
      <Filter>Source Files</Filter>
    </ClCompile>
    <ClCompile Include="Source\Core\Render\ImGuiWindows\ImGuiSceneHierarchy.ixx">
      <Filter>Source Files</Filter>
    </ClCompile>
    <ClCompile Include="Source\Core\Render\RenderPass\ForwardPass.ixx">
      <Filter>Source Files</Filter>
    </ClCompile>
    <ClCompile Include="Source\Core\Render\Shader.ixx">
      <Filter>Source Files</Filter>
    </ClCompile>
    <ClCompile Include="Source\Core\Render\IObjectShaderResource.ixx">
      <Filter>Source Files</Filter>
    </ClCompile>
    <ClCompile Include="Source\Core\Render\ObjectMask.ixx">
      <Filter>Source Files</Filter>
    </ClCompile>
    <ClCompile Include="Source\Core\Render\RenderPassViewData.ixx">
      <Filter>Source Files</Filter>
    </ClCompile>
    <ClCompile Include="Source\Components\DirectionalLightComponent.ixx">
      <Filter>Source Files</Filter>
    </ClCompile>
    <ClCompile Include="Source\Components\PointLightComponent.ixx">
      <Filter>Source Files</Filter>
    </ClCompile>
    <ClCompile Include="Source\Components\PyBehaviourSchemeComponent.ixx">
      <Filter>Source Files</Filter>
    </ClCompile>
    <ClCompile Include="Source\Core\AssetLoaders\LevelAssetLoader.ixx">
      <Filter>Source Files</Filter>
    </ClCompile>
    <ClCompile Include="Source\Core\AssetLoaders\PrefabAssetLoader.ixx">
      <Filter>Source Files</Filter>
    </ClCompile>
    <ClCompile Include="Source\Core\AssetLoaders\ScriptAssetLoader.ixx">
      <Filter>Source Files</Filter>
    </ClCompile>
    <ClCompile Include="Source\Core\CreateComponentsForGameObject.ixx">
      <Filter>Source Files</Filter>
    </ClCompile>
    <ClCompile Include="Source\Core\PrefabAsset.ixx">
      <Filter>Source Files</Filter>
    </ClCompile>
    <ClCompile Include="Source\Core\PrefabInstanceModifications.ixx">
      <Filter>Source Files</Filter>
    </ClCompile>
    <ClCompile Include="Source\Core\Render\GBuffer.ixx">
      <Filter>Source Files</Filter>
    </ClCompile>
    <ClCompile Include="Source\Core\Render\Interfaces\IUpdateGPUData.ixx">
      <Filter>Source Files</Filter>
    </ClCompile>
    <ClCompile Include="Source\Core\DefaultAssetsHandles.ixx">
      <Filter>Source Files</Filter>
    </ClCompile>
    <ClCompile Include="Source\Core\ScriptAsset.ixx">
      <Filter>Source Files</Filter>
    </ClCompile>
    <ClCompile Include="Source\Core\ScriptSystem.ixx">
      <Filter>Source Files</Filter>
    </ClCompile>
  </ItemGroup>
  <ItemGroup>
    <None Include="vcpkg.json" />
    <None Include="README.md" />
    <None Include=".gitignore" />
    <None Include="TemplateProject\project.giga" />
    <None Include="Shaders\ShaderHeader.hlsl" />
    <None Include="Shaders\VertexPositionShader.hlsl" />
    <None Include="Shaders\VertexPNTBTShader.hlsl" />
    <None Include="Shaders\GBufferOpaqueDefaultLitPixelShader.hlsl" />
    <None Include="Shaders\GBufferOpaqueUnlitPixelShader.hlsl" />
    <None Include="Shaders\GBufferWireframeShader.hlsl" />
    <None Include="Shaders\GDirectionalLight.hlsl" />
    <None Include="Shaders\GLightHeader.hlsl" />
    <None Include="Shaders\GPointLight.hlsl" />
    <None Include="Shaders\MaterialHeader.hlsl" />
    <None Include="Shaders\VertexFullQuadShader.hlsl" />
  </ItemGroup>
  <ItemGroup>
    <ClInclude Include="ThirdParty\FileWatch.hpp">
      <Filter>Header Files</Filter>
    </ClInclude>
    <ClInclude Include="ThirdParty\pybind11\attr.h">
      <Filter>Header Files</Filter>
    </ClInclude>
    <ClInclude Include="ThirdParty\pybind11\buffer_info.h">
      <Filter>Header Files</Filter>
    </ClInclude>
    <ClInclude Include="ThirdParty\pybind11\cast.h">
      <Filter>Header Files</Filter>
    </ClInclude>
    <ClInclude Include="ThirdParty\pybind11\chrono.h">
      <Filter>Header Files</Filter>
    </ClInclude>
    <ClInclude Include="ThirdParty\pybind11\common.h">
      <Filter>Header Files</Filter>
    </ClInclude>
    <ClInclude Include="ThirdParty\pybind11\complex.h">
      <Filter>Header Files</Filter>
    </ClInclude>
    <ClInclude Include="ThirdParty\pybind11\conduit\pybind11_conduit_v1.h">
      <Filter>Header Files</Filter>
    </ClInclude>
    <ClInclude Include="ThirdParty\pybind11\conduit\pybind11_platform_abi_id.h">
      <Filter>Header Files</Filter>
    </ClInclude>
    <ClInclude Include="ThirdParty\pybind11\conduit\wrap_include_python_h.h">
      <Filter>Header Files</Filter>
    </ClInclude>
    <ClInclude Include="ThirdParty\pybind11\detail\class.h">
      <Filter>Header Files</Filter>
    </ClInclude>
    <ClInclude Include="ThirdParty\pybind11\detail\common.h">
      <Filter>Header Files</Filter>
    </ClInclude>
    <ClInclude Include="ThirdParty\pybind11\detail\cpp_conduit.h">
      <Filter>Header Files</Filter>
    </ClInclude>
    <ClInclude Include="ThirdParty\pybind11\detail\descr.h">
      <Filter>Header Files</Filter>
    </ClInclude>
    <ClInclude Include="ThirdParty\pybind11\detail\exception_translation.h">
      <Filter>Header Files</Filter>
    </ClInclude>
    <ClInclude Include="ThirdParty\pybind11\detail\init.h">
      <Filter>Header Files</Filter>
    </ClInclude>
    <ClInclude Include="ThirdParty\pybind11\detail\internals.h">
      <Filter>Header Files</Filter>
    </ClInclude>
    <ClInclude Include="ThirdParty\pybind11\detail\typeid.h">
      <Filter>Header Files</Filter>
    </ClInclude>
    <ClInclude Include="ThirdParty\pybind11\detail\type_caster_base.h">
      <Filter>Header Files</Filter>
    </ClInclude>
    <ClInclude Include="ThirdParty\pybind11\detail\value_and_holder.h">
      <Filter>Header Files</Filter>
    </ClInclude>
    <ClInclude Include="ThirdParty\pybind11\eigen.h">
      <Filter>Header Files</Filter>
    </ClInclude>
    <ClInclude Include="ThirdParty\pybind11\eigen\common.h">
      <Filter>Header Files</Filter>
    </ClInclude>
    <ClInclude Include="ThirdParty\pybind11\eigen\matrix.h">
      <Filter>Header Files</Filter>
    </ClInclude>
    <ClInclude Include="ThirdParty\pybind11\eigen\tensor.h">
      <Filter>Header Files</Filter>
    </ClInclude>
    <ClInclude Include="ThirdParty\pybind11\embed.h">
      <Filter>Header Files</Filter>
    </ClInclude>
    <ClInclude Include="ThirdParty\pybind11\eval.h">
      <Filter>Header Files</Filter>
    </ClInclude>
    <ClInclude Include="ThirdParty\pybind11\functional.h">
      <Filter>Header Files</Filter>
    </ClInclude>
    <ClInclude Include="ThirdParty\pybind11\gil.h">
      <Filter>Header Files</Filter>
    </ClInclude>
    <ClInclude Include="ThirdParty\pybind11\gil_safe_call_once.h">
      <Filter>Header Files</Filter>
    </ClInclude>
    <ClInclude Include="ThirdParty\pybind11\iostream.h">
      <Filter>Header Files</Filter>
    </ClInclude>
    <ClInclude Include="ThirdParty\pybind11\numpy.h">
      <Filter>Header Files</Filter>
    </ClInclude>
    <ClInclude Include="ThirdParty\pybind11\operators.h">
      <Filter>Header Files</Filter>
    </ClInclude>
    <ClInclude Include="ThirdParty\pybind11\options.h">
      <Filter>Header Files</Filter>
    </ClInclude>
    <ClInclude Include="ThirdParty\pybind11\pybind11.h">
      <Filter>Header Files</Filter>
    </ClInclude>
    <ClInclude Include="ThirdParty\pybind11\pytypes.h">
      <Filter>Header Files</Filter>
    </ClInclude>
    <ClInclude Include="ThirdParty\pybind11\stl.h">
      <Filter>Header Files</Filter>
    </ClInclude>
    <ClInclude Include="ThirdParty\pybind11\stl\filesystem.h">
      <Filter>Header Files</Filter>
    </ClInclude>
    <ClInclude Include="ThirdParty\pybind11\stl_bind.h">
      <Filter>Header Files</Filter>
    </ClInclude>
    <ClInclude Include="ThirdParty\pybind11\type_caster_pyobject_ptr.h">
      <Filter>Header Files</Filter>
    </ClInclude>
    <ClInclude Include="ThirdParty\pybind11\typing.h">
      <Filter>Header Files</Filter>
    </ClInclude>
    <ClInclude Include="ThirdParty\pybind11\warnings.h">
      <Filter>Header Files</Filter>
    </ClInclude>
  </ItemGroup>
</Project>